
Microsoft Visual Studio Solution File, Format Version 12.00
# Visual Studio Version 16
VisualStudioVersion = 16.0.30611.23
MinimumVisualStudioVersion = 10.0.40219.1
Project("{9A19103F-16F7-4668-BE54-9A1E7A4F7556}") = "Tasks", "Tasks\Tasks.csproj", "{2FA71EEE-61FB-45E2-8DDE-45CD3DA98F58}"
EndProject
Project("{FAE04EC0-301F-11D3-BF4B-00C04F79EFBC}") = "Api.Database.Entity", "Api.Database.Entity\Api.Database.Entity.csproj", "{959F96FC-A08E-46DB-A4EA-2FADDC824201}"
EndProject
Project("{FAE04EC0-301F-11D3-BF4B-00C04F79EFBC}") = "Api.Database.MSSql", "Api.Database.MSSql\Api.Database.MSSql.csproj", "{BF2CE10A-EFA9-4652-8C9D-A04DEB04DEAE}"
EndProject
Project("{FAE04EC0-301F-11D3-BF4B-00C04F79EFBC}") = "Api.Repository", "Api.Repository\Api.Repository.csproj", "{C1835E49-BE5D-4202-B03F-74A28A2298ED}"
EndProject
Global
	GlobalSection(SolutionConfigurationPlatforms) = preSolution
		Debug|Any CPU = Debug|Any CPU
		Release|Any CPU = Release|Any CPU
	EndGlobalSection
	GlobalSection(ProjectConfigurationPlatforms) = postSolution
		{2FA71EEE-61FB-45E2-8DDE-45CD3DA98F58}.Debug|Any CPU.ActiveCfg = Debug|Any CPU
		{2FA71EEE-61FB-45E2-8DDE-45CD3DA98F58}.Debug|Any CPU.Build.0 = Debug|Any CPU
		{2FA71EEE-61FB-45E2-8DDE-45CD3DA98F58}.Release|Any CPU.ActiveCfg = Release|Any CPU
		{2FA71EEE-61FB-45E2-8DDE-45CD3DA98F58}.Release|Any CPU.Build.0 = Release|Any CPU
		{959F96FC-A08E-46DB-A4EA-2FADDC824201}.Debug|Any CPU.ActiveCfg = Debug|Any CPU
		{959F96FC-A08E-46DB-A4EA-2FADDC824201}.Debug|Any CPU.Build.0 = Debug|Any CPU
		{959F96FC-A08E-46DB-A4EA-2FADDC824201}.Release|Any CPU.ActiveCfg = Release|Any CPU
		{959F96FC-A08E-46DB-A4EA-2FADDC824201}.Release|Any CPU.Build.0 = Release|Any CPU
		{BF2CE10A-EFA9-4652-8C9D-A04DEB04DEAE}.Debug|Any CPU.ActiveCfg = Debug|Any CPU
		{BF2CE10A-EFA9-4652-8C9D-A04DEB04DEAE}.Debug|Any CPU.Build.0 = Debug|Any CPU
		{BF2CE10A-EFA9-4652-8C9D-A04DEB04DEAE}.Release|Any CPU.ActiveCfg = Release|Any CPU
		{BF2CE10A-EFA9-4652-8C9D-A04DEB04DEAE}.Release|Any CPU.Build.0 = Release|Any CPU
		{C1835E49-BE5D-4202-B03F-74A28A2298ED}.Debug|Any CPU.ActiveCfg = Debug|Any CPU
		{C1835E49-BE5D-4202-B03F-74A28A2298ED}.Debug|Any CPU.Build.0 = Debug|Any CPU
		{C1835E49-BE5D-4202-B03F-74A28A2298ED}.Release|Any CPU.ActiveCfg = Release|Any CPU
		{C1835E49-BE5D-4202-B03F-74A28A2298ED}.Release|Any CPU.Build.0 = Release|Any CPU
	EndGlobalSection
	GlobalSection(SolutionProperties) = preSolution
		HideSolutionNode = FALSE
	EndGlobalSection
	GlobalSection(ExtensibilityGlobals) = postSolution
		SolutionGuid = {6A34C1BA-76C8-49D1-8C0A-FB4B7CD54698}
	EndGlobalSection
EndGlobal
